
Microsoft Visual Studio Solution File, Format Version 12.00
# Visual Studio 2013
VisualStudioVersion = 12.0.21005.1
MinimumVisualStudioVersion = 10.0.40219.1
Project("{FAE04EC0-301F-11D3-BF4B-00C04F79EFBC}") = "PerplexedNidalee", "PerplexedNidalee\PerplexedNidalee.csproj", "{C2FD5B72-A882-4766-A5F9-9F5FF9BB3257}"
EndProject
Project("{FAE04EC0-301F-11D3-BF4B-00C04F79EFBC}") = "PerplexedEzreal", "..\PerplexedEzreal\PerplexedEzreal\PerplexedEzreal.csproj", "{BE61525D-2078-4F91-9199-5FD5863401C9}"
EndProject
Project("{FAE04EC0-301F-11D3-BF4B-00C04F79EFBC}") = "PerplexedLucian", "..\PerplexedLucian\PerplexedLucian\PerplexedLucian.csproj", "{6C2AAD0A-E203-44AB-8404-30989E963253}"
EndProject
Project("{FAE04EC0-301F-11D3-BF4B-00C04F79EFBC}") = "PerplexedOrianna", "..\PerplexedOrianna\PerplexedOrianna\PerplexedOrianna.csproj", "{383C5E18-42DD-4C1A-AEBE-B43EDBA0985F}"
EndProject
Global
	GlobalSection(SolutionConfigurationPlatforms) = preSolution
		Debug|Any CPU = Debug|Any CPU
		Release|Any CPU = Release|Any CPU
	EndGlobalSection
	GlobalSection(ProjectConfigurationPlatforms) = postSolution
		{C2FD5B72-A882-4766-A5F9-9F5FF9BB3257}.Debug|Any CPU.ActiveCfg = Debug|Any CPU
		{C2FD5B72-A882-4766-A5F9-9F5FF9BB3257}.Debug|Any CPU.Build.0 = Debug|Any CPU
		{C2FD5B72-A882-4766-A5F9-9F5FF9BB3257}.Release|Any CPU.ActiveCfg = Release|Any CPU
		{C2FD5B72-A882-4766-A5F9-9F5FF9BB3257}.Release|Any CPU.Build.0 = Release|Any CPU
		{BE61525D-2078-4F91-9199-5FD5863401C9}.Debug|Any CPU.ActiveCfg = Debug|Any CPU
		{BE61525D-2078-4F91-9199-5FD5863401C9}.Debug|Any CPU.Build.0 = Debug|Any CPU
		{BE61525D-2078-4F91-9199-5FD5863401C9}.Release|Any CPU.ActiveCfg = Release|Any CPU
		{BE61525D-2078-4F91-9199-5FD5863401C9}.Release|Any CPU.Build.0 = Release|Any CPU
		{6C2AAD0A-E203-44AB-8404-30989E963253}.Debug|Any CPU.ActiveCfg = Debug|Any CPU
		{6C2AAD0A-E203-44AB-8404-30989E963253}.Debug|Any CPU.Build.0 = Debug|Any CPU
		{6C2AAD0A-E203-44AB-8404-30989E963253}.Release|Any CPU.ActiveCfg = Release|Any CPU
		{6C2AAD0A-E203-44AB-8404-30989E963253}.Release|Any CPU.Build.0 = Release|Any CPU
		{383C5E18-42DD-4C1A-AEBE-B43EDBA0985F}.Debug|Any CPU.ActiveCfg = Debug|Any CPU
		{383C5E18-42DD-4C1A-AEBE-B43EDBA0985F}.Debug|Any CPU.Build.0 = Debug|Any CPU
		{383C5E18-42DD-4C1A-AEBE-B43EDBA0985F}.Release|Any CPU.ActiveCfg = Release|Any CPU
		{383C5E18-42DD-4C1A-AEBE-B43EDBA0985F}.Release|Any CPU.Build.0 = Release|Any CPU
	EndGlobalSection
	GlobalSection(SolutionProperties) = preSolution
		HideSolutionNode = FALSE
	EndGlobalSection
EndGlobal
